
Microsoft Visual Studio Solution File, Format Version 12.00
# Visual Studio Version 17
VisualStudioVersion = 17.10.35004.147
MinimumVisualStudioVersion = 10.0.40219.1
Project("{FAE04EC0-301F-11D3-BF4B-00C04F79EFBC}") = "RecipeApp", "RecipeApp\RecipeApp.csproj", "{C973B1C9-297F-4D53-9DDB-B506782D3AC4}"
EndProject
Global
	GlobalSection(SolutionConfigurationPlatforms) = preSolution
		Debug|Any CPU = Debug|Any CPU
		Release|Any CPU = Release|Any CPU
	EndGlobalSection
	GlobalSection(ProjectConfigurationPlatforms) = postSolution
		{C973B1C9-297F-4D53-9DDB-B506782D3AC4}.Debug|Any CPU.ActiveCfg = Debug|Any CPU
		{C973B1C9-297F-4D53-9DDB-B506782D3AC4}.Debug|Any CPU.Build.0 = Debug|Any CPU
		{C973B1C9-297F-4D53-9DDB-B506782D3AC4}.Release|Any CPU.ActiveCfg = Release|Any CPU
		{C973B1C9-297F-4D53-9DDB-B506782D3AC4}.Release|Any CPU.Build.0 = Release|Any CPU
	EndGlobalSection
	GlobalSection(SolutionProperties) = preSolution
		HideSolutionNode = FALSE
	EndGlobalSection
	GlobalSection(ExtensibilityGlobals) = postSolution
		SolutionGuid = {9467193C-D64B-42C6-93DE-2B85C2229C88}
	EndGlobalSection
EndGlobal
